// !$*UTF8*$!
{
	archiveVersion = 1;
	classes = {
	};
	objectVersion = 50;
	objects = {

/* Begin PBXBuildFile section */
		01D0508F2228FAB60091B64D /* AppDelegate.m in Sources */ = {isa = PBXBuildFile; fileRef = 01D0508E2228FAB60091B64D /* AppDelegate.m */; };
		01D050922228FAB60091B64D /* ViewController.m in Sources */ = {isa = PBXBuildFile; fileRef = 01D050912228FAB60091B64D /* ViewController.m */; };
		01D050952228FAB60091B64D /* Main.storyboard in Resources */ = {isa = PBXBuildFile; fileRef = 01D050932228FAB60091B64D /* Main.storyboard */; };
		01D050972228FAB80091B64D /* Assets.xcassets in Resources */ = {isa = PBXBuildFile; fileRef = 01D050962228FAB80091B64D /* Assets.xcassets */; };
		01D0509A2228FAB80091B64D /* LaunchScreen.storyboard in Resources */ = {isa = PBXBuildFile; fileRef = 01D050982228FAB80091B64D /* LaunchScreen.storyboard */; };
		01D0509D2228FAB80091B64D /* main.m in Sources */ = {isa = PBXBuildFile; fileRef = 01D0509C2228FAB80091B64D /* main.m */; };
		01D050A72228FAB80091B64D /* CopyUILabelTests.m in Sources */ = {isa = PBXBuildFile; fileRef = 01D050A62228FAB80091B64D /* CopyUILabelTests.m */; };
		01D050B22228FAB80091B64D /* CopyUILabelUITests.m in Sources */ = {isa = PBXBuildFile; fileRef = 01D050B12228FAB80091B64D /* CopyUILabelUITests.m */; };
		01D050C42228FDFC0091B64D /* UILabel+Copy.m in Sources */ = {isa = PBXBuildFile; fileRef = 01D050C32228FDFC0091B64D /* UILabel+Copy.m */; };
/* End PBXBuildFile section */

/* Begin PBXContainerItemProxy section */
		01D050A32228FAB80091B64D /* PBXContainerItemProxy */ = {
			isa = PBXContainerItemProxy;
			containerPortal = 01D050822228FAB60091B64D /* Project object */;
			proxyType = 1;
			remoteGlobalIDString = 01D050892228FAB60091B64D;
			remoteInfo = CopyUILabel;
		};
		01D050AE2228FAB80091B64D /* PBXContainerItemProxy */ = {
			isa = PBXContainerItemProxy;
			containerPortal = 01D050822228FAB60091B64D /* Project object */;
			proxyType = 1;
			remoteGlobalIDString = 01D050892228FAB60091B64D;
			remoteInfo = CopyUILabel;
		};
/* End PBXContainerItemProxy section */

/* Begin PBXFileReference section */
		01D0508A2228FAB60091B64D /* CopyUILabel.app */ = {isa = PBXFileReference; explicitFileType = wrapper.application; includeInIndex = 0; path = CopyUILabel.app; sourceTree = BUILT_PRODUCTS_DIR; };
		01D0508D2228FAB60091B64D /* AppDelegate.h */ = {isa = PBXFileReference; lastKnownFileType = sourcecode.c.h; path = AppDelegate.h; sourceTree = "<group>"; };
		01D0508E2228FAB60091B64D /* AppDelegate.m */ = {isa = PBXFileReference; lastKnownFileType = sourcecode.c.objc; path = AppDelegate.m; sourceTree = "<group>"; };
		01D050902228FAB60091B64D /* ViewController.h */ = {isa = PBXFileReference; lastKnownFileType = sourcecode.c.h; path = ViewController.h; sourceTree = "<group>"; };
		01D050912228FAB60091B64D /* ViewController.m */ = {isa = PBXFileReference; lastKnownFileType = sourcecode.c.objc; path = ViewController.m; sourceTree = "<group>"; };
		01D050942228FAB60091B64D /* Base */ = {isa = PBXFileReference; lastKnownFileType = file.storyboard; name = Base; path = Base.lproj/Main.storyboard; sourceTree = "<group>"; };
		01D050962228FAB80091B64D /* Assets.xcassets */ = {isa = PBXFileReference; lastKnownFileType = folder.assetcatalog; path = Assets.xcassets; sourceTree = "<group>"; };
		01D050992228FAB80091B64D /* Base */ = {isa = PBXFileReference; lastKnownFileType = file.storyboard; name = Base; path = Base.lproj/LaunchScreen.storyboard; sourceTree = "<group>"; };
		01D0509B2228FAB80091B64D /* Info.plist */ = {isa = PBXFileReference; lastKnownFileType = text.plist.xml; path = Info.plist; sourceTree = "<group>"; };
		01D0509C2228FAB80091B64D /* main.m */ = {isa = PBXFileReference; lastKnownFileType = sourcecode.c.objc; path = main.m; sourceTree = "<group>"; };
		01D050A22228FAB80091B64D /* CopyUILabelTests.xctest */ = {isa = PBXFileReference; explicitFileType = wrapper.cfbundle; includeInIndex = 0; path = CopyUILabelTests.xctest; sourceTree = BUILT_PRODUCTS_DIR; };
		01D050A62228FAB80091B64D /* CopyUILabelTests.m */ = {isa = PBXFileReference; lastKnownFileType = sourcecode.c.objc; path = CopyUILabelTests.m; sourceTree = "<group>"; };
		01D050A82228FAB80091B64D /* Info.plist */ = {isa = PBXFileReference; lastKnownFileType = text.plist.xml; path = Info.plist; sourceTree = "<group>"; };
		01D050AD2228FAB80091B64D /* CopyUILabelUITests.xctest */ = {isa = PBXFileReference; explicitFileType = wrapper.cfbundle; includeInIndex = 0; path = CopyUILabelUITests.xctest; sourceTree = BUILT_PRODUCTS_DIR; };
		01D050B12228FAB80091B64D /* CopyUILabelUITests.m */ = {isa = PBXFileReference; lastKnownFileType = sourcecode.c.objc; path = CopyUILabelUITests.m; sourceTree = "<group>"; };
		01D050B32228FAB80091B64D /* Info.plist */ = {isa = PBXFileReference; lastKnownFileType = text.plist.xml; path = Info.plist; sourceTree = "<group>"; };
		01D050C22228FDFC0091B64D /* UILabel+Copy.h */ = {isa = PBXFileReference; lastKnownFileType = sourcecode.c.h; path = "UILabel+Copy.h"; sourceTree = "<group>"; };
		01D050C32228FDFC0091B64D /* UILabel+Copy.m */ = {isa = PBXFileReference; lastKnownFileType = sourcecode.c.objc; path = "UILabel+Copy.m"; sourceTree = "<group>"; };
/* End PBXFileReference section */

/* Begin PBXFrameworksBuildPhase section */
		01D050872228FAB60091B64D /* Frameworks */ = {
			isa = PBXFrameworksBuildPhase;
			buildActionMask = 2147483647;
			files = (
			);
			runOnlyForDeploymentPostprocessing = 0;
		};
		01D0509F2228FAB80091B64D /* Frameworks */ = {
			isa = PBXFrameworksBuildPhase;
			buildActionMask = 2147483647;
			files = (
			);
			runOnlyForDeploymentPostprocessing = 0;
		};
		01D050AA2228FAB80091B64D /* Frameworks */ = {
			isa = PBXFrameworksBuildPhase;
			buildActionMask = 2147483647;
			files = (
			);
			runOnlyForDeploymentPostprocessing = 0;
		};
/* End PBXFrameworksBuildPhase section */

/* Begin PBXGroup section */
		01D050812228FAB60091B64D = {
			isa = PBXGroup;
			children = (
				01D0508C2228FAB60091B64D /* CopyUILabel */,
				01D050A52228FAB80091B64D /* CopyUILabelTests */,
				01D050B02228FAB80091B64D /* CopyUILabelUITests */,
				01D0508B2228FAB60091B64D /* Products */,
			);
			sourceTree = "<group>";
		};
		01D0508B2228FAB60091B64D /* Products */ = {
			isa = PBXGroup;
			children = (
				01D0508A2228FAB60091B64D /* CopyUILabel.app */,
				01D050A22228FAB80091B64D /* CopyUILabelTests.xctest */,
				01D050AD2228FAB80091B64D /* CopyUILabelUITests.xctest */,
			);
			name = Products;
			sourceTree = "<group>";
		};
		01D0508C2228FAB60091B64D /* CopyUILabel */ = {
			isa = PBXGroup;
			children = (
				01D0508D2228FAB60091B64D /* AppDelegate.h */,
				01D0508E2228FAB60091B64D /* AppDelegate.m */,
				01D050902228FAB60091B64D /* ViewController.h */,
				01D050912228FAB60091B64D /* ViewController.m */,
				01D050C22228FDFC0091B64D /* UILabel+Copy.h */,
				01D050C32228FDFC0091B64D /* UILabel+Copy.m */,
				01D050932228FAB60091B64D /* Main.storyboard */,
				01D050962228FAB80091B64D /* Assets.xcassets */,
				01D050982228FAB80091B64D /* LaunchScreen.storyboard */,
				01D0509B2228FAB80091B64D /* Info.plist */,
				01D0509C2228FAB80091B64D /* main.m */,
			);
			path = CopyUILabel;
			sourceTree = "<group>";
		};
		01D050A52228FAB80091B64D /* CopyUILabelTests */ = {
			isa = PBXGroup;
			children = (
				01D050A62228FAB80091B64D /* CopyUILabelTests.m */,
				01D050A82228FAB80091B64D /* Info.plist */,
			);
			path = CopyUILabelTests;
			sourceTree = "<group>";
		};
		01D050B02228FAB80091B64D /* CopyUILabelUITests */ = {
			isa = PBXGroup;
			children = (
				01D050B12228FAB80091B64D /* CopyUILabelUITests.m */,
				01D050B32228FAB80091B64D /* Info.plist */,
			);
			path = CopyUILabelUITests;
			sourceTree = "<group>";
		};
/* End PBXGroup section */

/* Begin PBXNativeTarget section */
		01D050892228FAB60091B64D /* CopyUILabel */ = {
			isa = PBXNativeTarget;
			buildConfigurationList = 01D050B62228FAB80091B64D /* Build configuration list for PBXNativeTarget "CopyUILabel" */;
			buildPhases = (
				01D050862228FAB60091B64D /* Sources */,
				01D050872228FAB60091B64D /* Frameworks */,
				01D050882228FAB60091B64D /* Resources */,
			);
			buildRules = (
			);
			dependencies = (
			);
			name = CopyUILabel;
			productName = CopyUILabel;
			productReference = 01D0508A2228FAB60091B64D /* CopyUILabel.app */;
			productType = "com.apple.product-type.application";
		};
		01D050A12228FAB80091B64D /* CopyUILabelTests */ = {
			isa = PBXNativeTarget;
			buildConfigurationList = 01D050B92228FAB80091B64D /* Build configuration list for PBXNativeTarget "CopyUILabelTests" */;
			buildPhases = (
				01D0509E2228FAB80091B64D /* Sources */,
				01D0509F2228FAB80091B64D /* Frameworks */,
				01D050A02228FAB80091B64D /* Resources */,
			);
			buildRules = (
			);
			dependencies = (
				01D050A42228FAB80091B64D /* PBXTargetDependency */,
			);
			name = CopyUILabelTests;
			productName = CopyUILabelTests;
			productReference = 01D050A22228FAB80091B64D /* CopyUILabelTests.xctest */;
			productType = "com.apple.product-type.bundle.unit-test";
		};
		01D050AC2228FAB80091B64D /* CopyUILabelUITests */ = {
			isa = PBXNativeTarget;
			buildConfigurationList = 01D050BC2228FAB80091B64D /* Build configuration list for PBXNativeTarget "CopyUILabelUITests" */;
			buildPhases = (
				01D050A92228FAB80091B64D /* Sources */,
				01D050AA2228FAB80091B64D /* Frameworks */,
				01D050AB2228FAB80091B64D /* Resources */,
			);
			buildRules = (
			);
			dependencies = (
				01D050AF2228FAB80091B64D /* PBXTargetDependency */,
			);
			name = CopyUILabelUITests;
			productName = CopyUILabelUITests;
			productReference = 01D050AD2228FAB80091B64D /* CopyUILabelUITests.xctest */;
			productType = "com.apple.product-type.bundle.ui-testing";
		};
/* End PBXNativeTarget section */

/* Begin PBXProject section */
		01D050822228FAB60091B64D /* Project object */ = {
			isa = PBXProject;
			attributes = {
				LastUpgradeCheck = 1010;
				ORGANIZATIONNAME = "mkrq-yh";
				TargetAttributes = {
					01D050892228FAB60091B64D = {
						CreatedOnToolsVersion = 10.1;
					};
					01D050A12228FAB80091B64D = {
						CreatedOnToolsVersion = 10.1;
						TestTargetID = 01D050892228FAB60091B64D;
					};
					01D050AC2228FAB80091B64D = {
						CreatedOnToolsVersion = 10.1;
						TestTargetID = 01D050892228FAB60091B64D;
					};
				};
			};
			buildConfigurationList = 01D050852228FAB60091B64D /* Build configuration list for PBXProject "CopyUILabel" */;
			compatibilityVersion = "Xcode 9.3";
			developmentRegion = en;
			hasScannedForEncodings = 0;
			knownRegions = (
				en,
				Base,
			);
			mainGroup = 01D050812228FAB60091B64D;
			productRefGroup = 01D0508B2228FAB60091B64D /* Products */;
			projectDirPath = "";
			projectRoot = "";
			targets = (
				01D050892228FAB60091B64D /* CopyUILabel */,
				01D050A12228FAB80091B64D /* CopyUILabelTests */,
				01D050AC2228FAB80091B64D /* CopyUILabelUITests */,
			);
		};
/* End PBXProject section */

/* Begin PBXResourcesBuildPhase section */
		01D050882228FAB60091B64D /* Resources */ = {
			isa = PBXResourcesBuildPhase;
			buildActionMask = 2147483647;
			files = (
				01D0509A2228FAB80091B64D /* LaunchScreen.storyboard in Resources */,
				01D050972228FAB80091B64D /* Assets.xcassets in Resources */,
				01D050952228FAB60091B64D /* Main.storyboard in Resources */,
			);
			runOnlyForDeploymentPostprocessing = 0;
		};
		01D050A02228FAB80091B64D /* Resources */ = {
			isa = PBXResourcesBuildPhase;
			buildActionMask = 2147483647;
			files = (
			);
			runOnlyForDeploymentPostprocessing = 0;
		};
		01D050AB2228FAB80091B64D /* Resources */ = {
			isa = PBXResourcesBuildPhase;
			buildActionMask = 2147483647;
			files = (
			);
			runOnlyForDeploymentPostprocessing = 0;
		};
/* End PBXResourcesBuildPhase section */

/* Begin PBXSourcesBuildPhase section */
		01D050862228FAB60091B64D /* Sources */ = {
			isa = PBXSourcesBuildPhase;
			buildActionMask = 2147483647;
			files = (
				01D050922228FAB60091B64D /* ViewController.m in Sources */,
				01D050C42228FDFC0091B64D /* UILabel+Copy.m in Sources */,
				01D0509D2228FAB80091B64D /* main.m in Sources */,
				01D0508F2228FAB60091B64D /* AppDelegate.m in Sources */,
			);
			runOnlyForDeploymentPostprocessing = 0;
		};
		01D0509E2228FAB80091B64D /* Sources */ = {
			isa = PBXSourcesBuildPhase;
			buildActionMask = 2147483647;
			files = (
				01D050A72228FAB80091B64D /* CopyUILabelTests.m in Sources */,
			);
			runOnlyForDeploymentPostprocessing = 0;
		};
		01D050A92228FAB80091B64D /* Sources */ = {
			isa = PBXSourcesBuildPhase;
			buildActionMask = 2147483647;
			files = (
				01D050B22228FAB80091B64D /* CopyUILabelUITests.m in Sources */,
			);
			runOnlyForDeploymentPostprocessing = 0;
		};
/* End PBXSourcesBuildPhase section */

/* Begin PBXTargetDependency section */
		01D050A42228FAB80091B64D /* PBXTargetDependency */ = {
			isa = PBXTargetDependency;
			target = 01D050892228FAB60091B64D /* CopyUILabel */;
			targetProxy = 01D050A32228FAB80091B64D /* PBXContainerItemProxy */;
		};
		01D050AF2228FAB80091B64D /* PBXTargetDependency */ = {
			isa = PBXTargetDependency;
			target = 01D050892228FAB60091B64D /* CopyUILabel */;
			targetProxy = 01D050AE2228FAB80091B64D /* PBXContainerItemProxy */;
		};
/* End PBXTargetDependency section */

/* Begin PBXVariantGroup section */
		01D050932228FAB60091B64D /* Main.storyboard */ = {
			isa = PBXVariantGroup;
			children = (
				01D050942228FAB60091B64D /* Base */,
			);
			name = Main.storyboard;
			sourceTree = "<group>";
		};
		01D050982228FAB80091B64D /* LaunchScreen.storyboard */ = {
			isa = PBXVariantGroup;
			children = (
				01D050992228FAB80091B64D /* Base */,
			);
			name = LaunchScreen.storyboard;
			sourceTree = "<group>";
		};
/* End PBXVariantGroup section */

/* Begin XCBuildConfiguration section */
		01D050B42228FAB80091B64D /* Debug */ = {
			isa = XCBuildConfiguration;
			buildSettings = {
				ALWAYS_SEARCH_USER_PATHS = NO;
				CLANG_ANALYZER_NONNULL = YES;
				CLANG_ANALYZER_NUMBER_OBJECT_CONVERSION = YES_AGGRESSIVE;
				CLANG_CXX_LANGUAGE_STANDARD = "gnu++14";
				CLANG_CXX_LIBRARY = "libc++";
				CLANG_ENABLE_MODULES = YES;
				CLANG_ENABLE_OBJC_ARC = YES;
				CLANG_ENABLE_OBJC_WEAK = YES;
				CLANG_WARN_BLOCK_CAPTURE_AUTORELEASING = YES;
				CLANG_WARN_BOOL_CONVERSION = YES;
				CLANG_WARN_COMMA = YES;
				CLANG_WARN_CONSTANT_CONVERSION = YES;
				CLANG_WARN_DEPRECATED_OBJC_IMPLEMENTATIONS = YES;
				CLANG_WARN_DIRECT_OBJC_ISA_USAGE = YES_ERROR;
				CLANG_WARN_DOCUMENTATION_COMMENTS = YES;
				CLANG_WARN_EMPTY_BODY = YES;
				CLANG_WARN_ENUM_CONVERSION = YES;
				CLANG_WARN_INFINITE_RECURSION = YES;
				CLANG_WARN_INT_CONVERSION = YES;
				CLANG_WARN_NON_LITERAL_NULL_CONVERSION = YES;
				CLANG_WARN_OBJC_IMPLICIT_RETAIN_SELF = YES;
				CLANG_WARN_OBJC_LITERAL_CONVERSION = YES;
				CLANG_WARN_OBJC_ROOT_CLASS = YES_ERROR;
				CLANG_WARN_RANGE_LOOP_ANALYSIS = YES;
				CLANG_WARN_STRICT_PROTOTYPES = YES;
				CLANG_WARN_SUSPICIOUS_MOVE = YES;
				CLANG_WARN_UNGUARDED_AVAILABILITY = YES_AGGRESSIVE;
				CLANG_WARN_UNREACHABLE_CODE = YES;
				CLANG_WARN__DUPLICATE_METHOD_MATCH = YES;
				CODE_SIGN_IDENTITY = "iPhone Developer";
				COPY_PHASE_STRIP = NO;
				DEBUG_INFORMATION_FORMAT = dwarf;
				ENABLE_STRICT_OBJC_MSGSEND = YES;
				ENABLE_TESTABILITY = YES;
				GCC_C_LANGUAGE_STANDARD = gnu11;
				GCC_DYNAMIC_NO_PIC = NO;
				GCC_NO_COMMON_BLOCKS = YES;
				GCC_OPTIMIZATION_LEVEL = 0;
				GCC_PREPROCESSOR_DEFINITIONS = (
					"DEBUG=1",
					"$(inherited)",
				);
				GCC_WARN_64_TO_32_BIT_CONVERSION = YES;
				GCC_WARN_ABOUT_RETURN_TYPE = YES_ERROR;
				GCC_WARN_UNDECLARED_SELECTOR = YES;
				GCC_WARN_UNINITIALIZED_AUTOS = YES_AGGRESSIVE;
				GCC_WARN_UNUSED_FUNCTION = YES;
				GCC_WARN_UNUSED_VARIABLE = YES;
				IPHONEOS_DEPLOYMENT_TARGET = 12.1;
				MTL_ENABLE_DEBUG_INFO = INCLUDE_SOURCE;
				MTL_FAST_MATH = YES;
				ONLY_ACTIVE_ARCH = YES;
				SDKROOT = iphoneos;
			};
			name = Debug;
		};
		01D050B52228FAB80091B64D /* Release */ = {
			isa = XCBuildConfiguration;
			buildSettings = {
				ALWAYS_SEARCH_USER_PATHS = NO;
				CLANG_ANALYZER_NONNULL = YES;
				CLANG_ANALYZER_NUMBER_OBJECT_CONVERSION = YES_AGGRESSIVE;
				CLANG_CXX_LANGUAGE_STANDARD = "gnu++14";
				CLANG_CXX_LIBRARY = "libc++";
				CLANG_ENABLE_MODULES = YES;
				CLANG_ENABLE_OBJC_ARC = YES;
				CLANG_ENABLE_OBJC_WEAK = YES;
				CLANG_WARN_BLOCK_CAPTURE_AUTORELEASING = YES;
				CLANG_WARN_BOOL_CONVERSION = YES;
				CLANG_WARN_COMMA = YES;
				CLANG_WARN_CONSTANT_CONVERSION = YES;
				CLANG_WARN_DEPRECATED_OBJC_IMPLEMENTATIONS = YES;
				CLANG_WARN_DIRECT_OBJC_ISA_USAGE = YES_ERROR;
				CLANG_WARN_DOCUMENTATION_COMMENTS = YES;
				CLANG_WARN_EMPTY_BODY = YES;
				CLANG_WARN_ENUM_CONVERSION = YES;
				CLANG_WARN_INFINITE_RECURSION = YES;
				CLANG_WARN_INT_CONVERSION = YES;
				CLANG_WARN_NON_LITERAL_NULL_CONVERSION = YES;
				CLANG_WARN_OBJC_IMPLICIT_RETAIN_SELF = YES;
				CLANG_WARN_OBJC_LITERAL_CONVERSION = YES;
				CLANG_WARN_OBJC_ROOT_CLASS = YES_ERROR;
				CLANG_WARN_RANGE_LOOP_ANALYSIS = YES;
				CLANG_WARN_STRICT_PROTOTYPES = YES;
				CLANG_WARN_SUSPICIOUS_MOVE = YES;
				CLANG_WARN_UNGUARDED_AVAILABILITY = YES_AGGRESSIVE;
				CLANG_WARN_UNREACHABLE_CODE = YES;
				CLANG_WARN__DUPLICATE_METHOD_MATCH = YES;
				CODE_SIGN_IDENTITY = "iPhone Developer";
				COPY_PHASE_STRIP = NO;
				DEBUG_INFORMATION_FORMAT = "dwarf-with-dsym";
				ENABLE_NS_ASSERTIONS = NO;
				ENABLE_STRICT_OBJC_MSGSEND = YES;
				GCC_C_LANGUAGE_STANDARD = gnu11;
				GCC_NO_COMMON_BLOCKS = YES;
				GCC_WARN_64_TO_32_BIT_CONVERSION = YES;
				GCC_WARN_ABOUT_RETURN_TYPE = YES_ERROR;
				GCC_WARN_UNDECLARED_SELECTOR = YES;
				GCC_WARN_UNINITIALIZED_AUTOS = YES_AGGRESSIVE;
				GCC_WARN_UNUSED_FUNCTION = YES;
				GCC_WARN_UNUSED_VARIABLE = YES;
				IPHONEOS_DEPLOYMENT_TARGET = 12.1;
				MTL_ENABLE_DEBUG_INFO = NO;
				MTL_FAST_MATH = YES;
				SDKROOT = iphoneos;
				VALIDATE_PRODUCT = YES;
			};
			name = Release;
		};
		01D050B72228FAB80091B64D /* Debug */ = {
			isa = XCBuildConfiguration;
			buildSettings = {
				ASSETCATALOG_COMPILER_APPICON_NAME = AppIcon;
				CODE_SIGN_STYLE = Automatic;
				DEVELOPMENT_TEAM = DC8FT77226;
				INFOPLIST_FILE = CopyUILabel/Info.plist;
				LD_RUNPATH_SEARCH_PATHS = (
					"$(inherited)",
					"@executable_path/Frameworks",
				);
				PRODUCT_BUNDLE_IDENTIFIER = mkrq.CopyUILabel;
				PRODUCT_NAME = "$(TARGET_NAME)";
				TARGETED_DEVICE_FAMILY = "1,2";
			};
			name = Debug;
		};
		01D050B82228FAB80091B64D /* Release */ = {
			isa = XCBuildConfiguration;
			buildSettings = {
				ASSETCATALOG_COMPILER_APPICON_NAME = AppIcon;
				CODE_SIGN_STYLE = Automatic;
				DEVELOPMENT_TEAM = DC8FT77226;
				INFOPLIST_FILE = CopyUILabel/Info.plist;
				LD_RUNPATH_SEARCH_PATHS = (
					"$(inherited)",
					"@executable_path/Frameworks",
				);
				PRODUCT_BUNDLE_IDENTIFIER = mkrq.CopyUILabel;
				PRODUCT_NAME = "$(TARGET_NAME)";
				TARGETED_DEVICE_FAMILY = "1,2";
			};
			name = Release;
		};
		01D050BA2228FAB80091B64D /* Debug */ = {
			isa = XCBuildConfiguration;
			buildSettings = {
				BUNDLE_LOADER = "$(TEST_HOST)";
				CODE_SIGN_STYLE = Automatic;
				DEVELOPMENT_TEAM = DC8FT77226;
				INFOPLIST_FILE = CopyUILabelTests/Info.plist;
				LD_RUNPATH_SEARCH_PATHS = (
					"$(inherited)",
					"@executable_path/Frameworks",
					"@loader_path/Frameworks",
				);
				PRODUCT_BUNDLE_IDENTIFIER = mkrq.CopyUILabelTests;
				PRODUCT_NAME = "$(TARGET_NAME)";
				TARGETED_DEVICE_FAMILY = "1,2";
				TEST_HOST = "$(BUILT_PRODUCTS_DIR)/CopyUILabel.app/CopyUILabel";
			};
			name = Debug;
		};
		01D050BB2228FAB80091B64D /* Release */ = {
			isa = XCBuildConfiguration;
			buildSettings = {
				BUNDLE_LOADER = "$(TEST_HOST)";
				CODE_SIGN_STYLE = Automatic;
				DEVELOPMENT_TEAM = DC8FT77226;
				INFOPLIST_FILE = CopyUILabelTests/Info.plist;
				LD_RUNPATH_SEARCH_PATHS = (
					"$(inherited)",
					"@executable_path/Frameworks",
					"@loader_path/Frameworks",
				);
				PRODUCT_BUNDLE_IDENTIFIER = mkrq.CopyUILabelTests;
				PRODUCT_NAME = "$(TARGET_NAME)";
				TARGETED_DEVICE_FAMILY = "1,2";
				TEST_HOST = "$(BUILT_PRODUCTS_DIR)/CopyUILabel.app/CopyUILabel";
			};
			name = Release;
		};
		01D050BD2228FAB80091B64D /* Debug */ = {
			isa = XCBuildConfiguration;
			buildSettings = {
				CODE_SIGN_STYLE = Automatic;
				DEVELOPMENT_TEAM = DC8FT77226;
				INFOPLIST_FILE = CopyUILabelUITests/Info.plist;
				LD_RUNPATH_SEARCH_PATHS = (
					"$(inherited)",
					"@executable_path/Frameworks",
					"@loader_path/Frameworks",
				);
				PRODUCT_BUNDLE_IDENTIFIER = mkrq.CopyUILabelUITests;
				PRODUCT_NAME = "$(TARGET_NAME)";
				TARGETED_DEVICE_FAMILY = "1,2";
				TEST_TARGET_NAME = CopyUILabel;
			};
			name = Debug;
		};
		01D050BE2228FAB80091B64D /* Release */ = {
			isa = XCBuildConfiguration;
			buildSettings = {
				CODE_SIGN_STYLE = Automatic;
				DEVELOPMENT_TEAM = DC8FT77226;
				INFOPLIST_FILE = CopyUILabelUITests/Info.plist;
				LD_RUNPATH_SEARCH_PATHS = (
					"$(inherited)",
					"@executable_path/Frameworks",
					"@loader_path/Frameworks",
				);
				PRODUCT_BUNDLE_IDENTIFIER = mkrq.CopyUILabelUITests;
				PRODUCT_NAME = "$(TARGET_NAME)";
				TARGETED_DEVICE_FAMILY = "1,2";
				TEST_TARGET_NAME = CopyUILabel;
			};
			name = Release;
		};
/* End XCBuildConfiguration section */

/* Begin XCConfigurationList section */
		01D050852228FAB60091B64D /* Build configuration list for PBXProject "CopyUILabel" */ = {
			isa = XCConfigurationList;
			buildConfigurations = (
				01D050B42228FAB80091B64D /* Debug */,
				01D050B52228FAB80091B64D /* Release */,
			);
			defaultConfigurationIsVisible = 0;
			defaultConfigurationName = Release;
		};
		01D050B62228FAB80091B64D /* Build configuration list for PBXNativeTarget "CopyUILabel" */ = {
			isa = XCConfigurationList;
			buildConfigurations = (
				01D050B72228FAB80091B64D /* Debug */,
				01D050B82228FAB80091B64D /* Release */,
			);
			defaultConfigurationIsVisible = 0;
			defaultConfigurationName = Release;
		};
		01D050B92228FAB80091B64D /* Build configuration list for PBXNativeTarget "CopyUILabelTests" */ = {
			isa = XCConfigurationList;
			buildConfigurations = (
				01D050BA2228FAB80091B64D /* Debug */,
				01D050BB2228FAB80091B64D /* Release */,
			);
			defaultConfigurationIsVisible = 0;
			defaultConfigurationName = Release;
		};
		01D050BC2228FAB80091B64D /* Build configuration list for PBXNativeTarget "CopyUILabelUITests" */ = {
			isa = XCConfigurationList;
			buildConfigurations = (
				01D050BD2228FAB80091B64D /* Debug */,
				01D050BE2228FAB80091B64D /* Release */,
			);
			defaultConfigurationIsVisible = 0;
			defaultConfigurationName = Release;
		};
/* End XCConfigurationList section */
	};
	rootObject = 01D050822228FAB60091B64D /* Project object */;
}
