// !$*UTF8*$!
{
	archiveVersion = 1;
	classes = {
	};
	objectVersion = 50;
	objects = {

/* Begin PBXBuildFile section */
		0133ABB82268055800854808 /* AppDelegate.m in Sources */ = {isa = PBXBuildFile; fileRef = 0133ABB72268055800854808 /* AppDelegate.m */; };
		0133ABBE2268055800854808 /* Main.storyboard in Resources */ = {isa = PBXBuildFile; fileRef = 0133ABBC2268055800854808 /* Main.storyboard */; };
		0133ABC02268055A00854808 /* Assets.xcassets in Resources */ = {isa = PBXBuildFile; fileRef = 0133ABBF2268055A00854808 /* Assets.xcassets */; };
		0133ABC32268055A00854808 /* LaunchScreen.storyboard in Resources */ = {isa = PBXBuildFile; fileRef = 0133ABC12268055A00854808 /* LaunchScreen.storyboard */; };
		0133ABC62268055A00854808 /* main.m in Sources */ = {isa = PBXBuildFile; fileRef = 0133ABC52268055A00854808 /* main.m */; };
		0133ABD02268055A00854808 /* StoryboardDemoTests.m in Sources */ = {isa = PBXBuildFile; fileRef = 0133ABCF2268055A00854808 /* StoryboardDemoTests.m */; };
		0133ABDB2268055A00854808 /* StoryboardDemoUITests.m in Sources */ = {isa = PBXBuildFile; fileRef = 0133ABDA2268055A00854808 /* StoryboardDemoUITests.m */; };
		0133ABF022680C2F00854808 /* TabViewController.m in Sources */ = {isa = PBXBuildFile; fileRef = 0133ABEF22680C2F00854808 /* TabViewController.m */; };
		0133ABF322680C4300854808 /* NavViewController.m in Sources */ = {isa = PBXBuildFile; fileRef = 0133ABF222680C4300854808 /* NavViewController.m */; };
		0133AC5F22680F5F00854808 /* HomeViewController.m in Sources */ = {isa = PBXBuildFile; fileRef = 0133AC5E22680F5F00854808 /* HomeViewController.m */; };
		0133AC6222680F6B00854808 /* FindViewController.m in Sources */ = {isa = PBXBuildFile; fileRef = 0133AC6122680F6B00854808 /* FindViewController.m */; };
		0133AC6522680F7600854808 /* MyViewController.m in Sources */ = {isa = PBXBuildFile; fileRef = 0133AC6422680F7600854808 /* MyViewController.m */; };
		0133AC6822680F8000854808 /* DemoViewController.m in Sources */ = {isa = PBXBuildFile; fileRef = 0133AC6722680F8000854808 /* DemoViewController.m */; };
		0133AC6D226823B100854808 /* UIView+XGExtension.m in Sources */ = {isa = PBXBuildFile; fileRef = 0133AC6C226823B100854808 /* UIView+XGExtension.m */; };
		0133AC712268497800854808 /* BaseViewController.m in Sources */ = {isa = PBXBuildFile; fileRef = 0133AC702268497800854808 /* BaseViewController.m */; };
		0133AC7422686E3300854808 /* HomeTableViewCell.m in Sources */ = {isa = PBXBuildFile; fileRef = 0133AC7322686E3300854808 /* HomeTableViewCell.m */; };
		FD593B08D8F6B41214A911E9 /* libPods-StoryboardDemo.a in Frameworks */ = {isa = PBXBuildFile; fileRef = E4E70D4E84698A8008C11FDD /* libPods-StoryboardDemo.a */; };
/* End PBXBuildFile section */

/* Begin PBXContainerItemProxy section */
		0133ABCC2268055A00854808 /* PBXContainerItemProxy */ = {
			isa = PBXContainerItemProxy;
			containerPortal = 0133ABAB2268055800854808 /* Project object */;
			proxyType = 1;
			remoteGlobalIDString = 0133ABB22268055800854808;
			remoteInfo = StoryboardDemo;
		};
		0133ABD72268055A00854808 /* PBXContainerItemProxy */ = {
			isa = PBXContainerItemProxy;
			containerPortal = 0133ABAB2268055800854808 /* Project object */;
			proxyType = 1;
			remoteGlobalIDString = 0133ABB22268055800854808;
			remoteInfo = StoryboardDemo;
		};
/* End PBXContainerItemProxy section */

/* Begin PBXFileReference section */
		012B3E97226979E0000B036C /* macro.h */ = {isa = PBXFileReference; lastKnownFileType = sourcecode.c.h; path = macro.h; sourceTree = "<group>"; };
		0133ABB32268055800854808 /* StoryboardDemo.app */ = {isa = PBXFileReference; explicitFileType = wrapper.application; includeInIndex = 0; path = StoryboardDemo.app; sourceTree = BUILT_PRODUCTS_DIR; };
		0133ABB62268055800854808 /* AppDelegate.h */ = {isa = PBXFileReference; lastKnownFileType = sourcecode.c.h; path = AppDelegate.h; sourceTree = "<group>"; };
		0133ABB72268055800854808 /* AppDelegate.m */ = {isa = PBXFileReference; lastKnownFileType = sourcecode.c.objc; path = AppDelegate.m; sourceTree = "<group>"; };
		0133ABBD2268055800854808 /* Base */ = {isa = PBXFileReference; lastKnownFileType = file.storyboard; name = Base; path = Base.lproj/Main.storyboard; sourceTree = "<group>"; };
		0133ABBF2268055A00854808 /* Assets.xcassets */ = {isa = PBXFileReference; lastKnownFileType = folder.assetcatalog; path = Assets.xcassets; sourceTree = "<group>"; };
		0133ABC22268055A00854808 /* Base */ = {isa = PBXFileReference; lastKnownFileType = file.storyboard; name = Base; path = Base.lproj/LaunchScreen.storyboard; sourceTree = "<group>"; };
		0133ABC42268055A00854808 /* Info.plist */ = {isa = PBXFileReference; lastKnownFileType = text.plist.xml; path = Info.plist; sourceTree = "<group>"; };
		0133ABC52268055A00854808 /* main.m */ = {isa = PBXFileReference; lastKnownFileType = sourcecode.c.objc; path = main.m; sourceTree = "<group>"; };
		0133ABCB2268055A00854808 /* StoryboardDemoTests.xctest */ = {isa = PBXFileReference; explicitFileType = wrapper.cfbundle; includeInIndex = 0; path = StoryboardDemoTests.xctest; sourceTree = BUILT_PRODUCTS_DIR; };
		0133ABCF2268055A00854808 /* StoryboardDemoTests.m */ = {isa = PBXFileReference; lastKnownFileType = sourcecode.c.objc; path = StoryboardDemoTests.m; sourceTree = "<group>"; };
		0133ABD12268055A00854808 /* Info.plist */ = {isa = PBXFileReference; lastKnownFileType = text.plist.xml; path = Info.plist; sourceTree = "<group>"; };
		0133ABD62268055A00854808 /* StoryboardDemoUITests.xctest */ = {isa = PBXFileReference; explicitFileType = wrapper.cfbundle; includeInIndex = 0; path = StoryboardDemoUITests.xctest; sourceTree = BUILT_PRODUCTS_DIR; };
		0133ABDA2268055A00854808 /* StoryboardDemoUITests.m */ = {isa = PBXFileReference; lastKnownFileType = sourcecode.c.objc; path = StoryboardDemoUITests.m; sourceTree = "<group>"; };
		0133ABDC2268055A00854808 /* Info.plist */ = {isa = PBXFileReference; lastKnownFileType = text.plist.xml; path = Info.plist; sourceTree = "<group>"; };
		0133ABEE22680C2F00854808 /* TabViewController.h */ = {isa = PBXFileReference; lastKnownFileType = sourcecode.c.h; path = TabViewController.h; sourceTree = "<group>"; };
		0133ABEF22680C2F00854808 /* TabViewController.m */ = {isa = PBXFileReference; lastKnownFileType = sourcecode.c.objc; path = TabViewController.m; sourceTree = "<group>"; };
		0133ABF122680C4300854808 /* NavViewController.h */ = {isa = PBXFileReference; lastKnownFileType = sourcecode.c.h; path = NavViewController.h; sourceTree = "<group>"; };
		0133ABF222680C4300854808 /* NavViewController.m */ = {isa = PBXFileReference; lastKnownFileType = sourcecode.c.objc; path = NavViewController.m; sourceTree = "<group>"; };
		0133AC5D22680F5F00854808 /* HomeViewController.h */ = {isa = PBXFileReference; lastKnownFileType = sourcecode.c.h; path = HomeViewController.h; sourceTree = "<group>"; };
		0133AC5E22680F5F00854808 /* HomeViewController.m */ = {isa = PBXFileReference; lastKnownFileType = sourcecode.c.objc; path = HomeViewController.m; sourceTree = "<group>"; };
		0133AC6022680F6B00854808 /* FindViewController.h */ = {isa = PBXFileReference; lastKnownFileType = sourcecode.c.h; path = FindViewController.h; sourceTree = "<group>"; };
		0133AC6122680F6B00854808 /* FindViewController.m */ = {isa = PBXFileReference; lastKnownFileType = sourcecode.c.objc; path = FindViewController.m; sourceTree = "<group>"; };
		0133AC6322680F7600854808 /* MyViewController.h */ = {isa = PBXFileReference; lastKnownFileType = sourcecode.c.h; path = MyViewController.h; sourceTree = "<group>"; };
		0133AC6422680F7600854808 /* MyViewController.m */ = {isa = PBXFileReference; lastKnownFileType = sourcecode.c.objc; path = MyViewController.m; sourceTree = "<group>"; };
		0133AC6622680F8000854808 /* DemoViewController.h */ = {isa = PBXFileReference; lastKnownFileType = sourcecode.c.h; path = DemoViewController.h; sourceTree = "<group>"; };
		0133AC6722680F8000854808 /* DemoViewController.m */ = {isa = PBXFileReference; lastKnownFileType = sourcecode.c.objc; path = DemoViewController.m; sourceTree = "<group>"; };
		0133AC6B226823B100854808 /* UIView+XGExtension.h */ = {isa = PBXFileReference; lastKnownFileType = sourcecode.c.h; path = "UIView+XGExtension.h"; sourceTree = "<group>"; };
		0133AC6C226823B100854808 /* UIView+XGExtension.m */ = {isa = PBXFileReference; lastKnownFileType = sourcecode.c.objc; path = "UIView+XGExtension.m"; sourceTree = "<group>"; };
		0133AC6E2268419D00854808 /* PrefixHeader.pch */ = {isa = PBXFileReference; lastKnownFileType = sourcecode.c.h; path = PrefixHeader.pch; sourceTree = "<group>"; };
		0133AC6F2268497800854808 /* BaseViewController.h */ = {isa = PBXFileReference; lastKnownFileType = sourcecode.c.h; path = BaseViewController.h; sourceTree = "<group>"; };
		0133AC702268497800854808 /* BaseViewController.m */ = {isa = PBXFileReference; lastKnownFileType = sourcecode.c.objc; path = BaseViewController.m; sourceTree = "<group>"; };
		0133AC7222686E3300854808 /* HomeTableViewCell.h */ = {isa = PBXFileReference; lastKnownFileType = sourcecode.c.h; path = HomeTableViewCell.h; sourceTree = "<group>"; };
		0133AC7322686E3300854808 /* HomeTableViewCell.m */ = {isa = PBXFileReference; lastKnownFileType = sourcecode.c.objc; path = HomeTableViewCell.m; sourceTree = "<group>"; };
		2C16D3F48E918A796618CFF0 /* Pods-StoryboardDemo.release.xcconfig */ = {isa = PBXFileReference; includeInIndex = 1; lastKnownFileType = text.xcconfig; name = "Pods-StoryboardDemo.release.xcconfig"; path = "Pods/Target Support Files/Pods-StoryboardDemo/Pods-StoryboardDemo.release.xcconfig"; sourceTree = "<group>"; };
		8D17F37ADA834AB680516AD3 /* Pods-StoryboardDemo.debug.xcconfig */ = {isa = PBXFileReference; includeInIndex = 1; lastKnownFileType = text.xcconfig; name = "Pods-StoryboardDemo.debug.xcconfig"; path = "Pods/Target Support Files/Pods-StoryboardDemo/Pods-StoryboardDemo.debug.xcconfig"; sourceTree = "<group>"; };
		E4E70D4E84698A8008C11FDD /* libPods-StoryboardDemo.a */ = {isa = PBXFileReference; explicitFileType = archive.ar; includeInIndex = 0; path = "libPods-StoryboardDemo.a"; sourceTree = BUILT_PRODUCTS_DIR; };
/* End PBXFileReference section */

/* Begin PBXFrameworksBuildPhase section */
		0133ABB02268055800854808 /* Frameworks */ = {
			isa = PBXFrameworksBuildPhase;
			buildActionMask = 2147483647;
			files = (
				FD593B08D8F6B41214A911E9 /* libPods-StoryboardDemo.a in Frameworks */,
			);
			runOnlyForDeploymentPostprocessing = 0;
		};
		0133ABC82268055A00854808 /* Frameworks */ = {
			isa = PBXFrameworksBuildPhase;
			buildActionMask = 2147483647;
			files = (
			);
			runOnlyForDeploymentPostprocessing = 0;
		};
		0133ABD32268055A00854808 /* Frameworks */ = {
			isa = PBXFrameworksBuildPhase;
			buildActionMask = 2147483647;
			files = (
			);
			runOnlyForDeploymentPostprocessing = 0;
		};
/* End PBXFrameworksBuildPhase section */

/* Begin PBXGroup section */
		0133ABAA2268055800854808 = {
			isa = PBXGroup;
			children = (
				0133ABB52268055800854808 /* StoryboardDemo */,
				0133ABCE2268055A00854808 /* StoryboardDemoTests */,
				0133ABD92268055A00854808 /* StoryboardDemoUITests */,
				0133ABB42268055800854808 /* Products */,
				8CEDBF1353B6D527413E7340 /* Pods */,
				4C1A694BABC488505FFE7CFF /* Frameworks */,
			);
			sourceTree = "<group>";
		};
		0133ABB42268055800854808 /* Products */ = {
			isa = PBXGroup;
			children = (
				0133ABB32268055800854808 /* StoryboardDemo.app */,
				0133ABCB2268055A00854808 /* StoryboardDemoTests.xctest */,
				0133ABD62268055A00854808 /* StoryboardDemoUITests.xctest */,
			);
			name = Products;
			sourceTree = "<group>";
		};
		0133ABB52268055800854808 /* StoryboardDemo */ = {
			isa = PBXGroup;
			children = (
				0133ABB62268055800854808 /* AppDelegate.h */,
				0133ABB72268055800854808 /* AppDelegate.m */,
				012B3E97226979E0000B036C /* macro.h */,
				0133AC69226822F200854808 /* MyExtension */,
				0133ABE822680BA200854808 /* ViewController */,
				0133ABBC2268055800854808 /* Main.storyboard */,
				0133ABBF2268055A00854808 /* Assets.xcassets */,
				0133ABC12268055A00854808 /* LaunchScreen.storyboard */,
				0133ABC42268055A00854808 /* Info.plist */,
				0133AC6E2268419D00854808 /* PrefixHeader.pch */,
				0133ABC52268055A00854808 /* main.m */,
			);
			path = StoryboardDemo;
			sourceTree = "<group>";
		};
		0133ABCE2268055A00854808 /* StoryboardDemoTests */ = {
			isa = PBXGroup;
			children = (
				0133ABCF2268055A00854808 /* StoryboardDemoTests.m */,
				0133ABD12268055A00854808 /* Info.plist */,
			);
			path = StoryboardDemoTests;
			sourceTree = "<group>";
		};
		0133ABD92268055A00854808 /* StoryboardDemoUITests */ = {
			isa = PBXGroup;
			children = (
				0133ABDA2268055A00854808 /* StoryboardDemoUITests.m */,
				0133ABDC2268055A00854808 /* Info.plist */,
			);
			path = StoryboardDemoUITests;
			sourceTree = "<group>";
		};
		0133ABE822680BA200854808 /* ViewController */ = {
			isa = PBXGroup;
			children = (
				0133ABED22680BFC00854808 /* TabAndNav */,
				0133ABEC22680BE800854808 /* Demo */,
				0133ABEB22680BC500854808 /* My */,
				0133ABEA22680BB900854808 /* Find */,
				0133ABE922680BAF00854808 /* Home */,
			);
			path = ViewController;
			sourceTree = "<group>";
		};
		0133ABE922680BAF00854808 /* Home */ = {
			isa = PBXGroup;
			children = (
				0133AC5D22680F5F00854808 /* HomeViewController.h */,
				0133AC5E22680F5F00854808 /* HomeViewController.m */,
				0133AC7222686E3300854808 /* HomeTableViewCell.h */,
				0133AC7322686E3300854808 /* HomeTableViewCell.m */,
			);
			path = Home;
			sourceTree = "<group>";
		};
		0133ABEA22680BB900854808 /* Find */ = {
			isa = PBXGroup;
			children = (
				0133AC6022680F6B00854808 /* FindViewController.h */,
				0133AC6122680F6B00854808 /* FindViewController.m */,
			);
			path = Find;
			sourceTree = "<group>";
		};
		0133ABEB22680BC500854808 /* My */ = {
			isa = PBXGroup;
			children = (
				0133AC6322680F7600854808 /* MyViewController.h */,
				0133AC6422680F7600854808 /* MyViewController.m */,
			);
			path = My;
			sourceTree = "<group>";
		};
		0133ABEC22680BE800854808 /* Demo */ = {
			isa = PBXGroup;
			children = (
				0133AC6622680F8000854808 /* DemoViewController.h */,
				0133AC6722680F8000854808 /* DemoViewController.m */,
				0133AC6F2268497800854808 /* BaseViewController.h */,
				0133AC702268497800854808 /* BaseViewController.m */,
			);
			path = Demo;
			sourceTree = "<group>";
		};
		0133ABED22680BFC00854808 /* TabAndNav */ = {
			isa = PBXGroup;
			children = (
				0133ABEE22680C2F00854808 /* TabViewController.h */,
				0133ABEF22680C2F00854808 /* TabViewController.m */,
				0133ABF122680C4300854808 /* NavViewController.h */,
				0133ABF222680C4300854808 /* NavViewController.m */,
			);
			path = TabAndNav;
			sourceTree = "<group>";
		};
		0133AC69226822F200854808 /* MyExtension */ = {
			isa = PBXGroup;
			children = (
				0133AC6B226823B100854808 /* UIView+XGExtension.h */,
				0133AC6C226823B100854808 /* UIView+XGExtension.m */,
			);
			path = MyExtension;
			sourceTree = "<group>";
		};
		4C1A694BABC488505FFE7CFF /* Frameworks */ = {
			isa = PBXGroup;
			children = (
				E4E70D4E84698A8008C11FDD /* libPods-StoryboardDemo.a */,
			);
			name = Frameworks;
			sourceTree = "<group>";
		};
		8CEDBF1353B6D527413E7340 /* Pods */ = {
			isa = PBXGroup;
			children = (
				8D17F37ADA834AB680516AD3 /* Pods-StoryboardDemo.debug.xcconfig */,
				2C16D3F48E918A796618CFF0 /* Pods-StoryboardDemo.release.xcconfig */,
			);
			name = Pods;
			sourceTree = "<group>";
		};
/* End PBXGroup section */

/* Begin PBXNativeTarget section */
		0133ABB22268055800854808 /* StoryboardDemo */ = {
			isa = PBXNativeTarget;
			buildConfigurationList = 0133ABDF2268055A00854808 /* Build configuration list for PBXNativeTarget "StoryboardDemo" */;
			buildPhases = (
				887AE89D0C79B5E9DA53C475 /* [CP] Check Pods Manifest.lock */,
				0133ABAF2268055800854808 /* Sources */,
				0133ABB02268055800854808 /* Frameworks */,
				0133ABB12268055800854808 /* Resources */,
			);
			buildRules = (
			);
			dependencies = (
			);
			name = StoryboardDemo;
			productName = StoryboardDemo;
			productReference = 0133ABB32268055800854808 /* StoryboardDemo.app */;
			productType = "com.apple.product-type.application";
		};
		0133ABCA2268055A00854808 /* StoryboardDemoTests */ = {
			isa = PBXNativeTarget;
			buildConfigurationList = 0133ABE22268055A00854808 /* Build configuration list for PBXNativeTarget "StoryboardDemoTests" */;
			buildPhases = (
				0133ABC72268055A00854808 /* Sources */,
				0133ABC82268055A00854808 /* Frameworks */,
				0133ABC92268055A00854808 /* Resources */,
			);
			buildRules = (
			);
			dependencies = (
				0133ABCD2268055A00854808 /* PBXTargetDependency */,
			);
			name = StoryboardDemoTests;
			productName = StoryboardDemoTests;
			productReference = 0133ABCB2268055A00854808 /* StoryboardDemoTests.xctest */;
			productType = "com.apple.product-type.bundle.unit-test";
		};
		0133ABD52268055A00854808 /* StoryboardDemoUITests */ = {
			isa = PBXNativeTarget;
			buildConfigurationList = 0133ABE52268055A00854808 /* Build configuration list for PBXNativeTarget "StoryboardDemoUITests" */;
			buildPhases = (
				0133ABD22268055A00854808 /* Sources */,
				0133ABD32268055A00854808 /* Frameworks */,
				0133ABD42268055A00854808 /* Resources */,
			);
			buildRules = (
			);
			dependencies = (
				0133ABD82268055A00854808 /* PBXTargetDependency */,
			);
			name = StoryboardDemoUITests;
			productName = StoryboardDemoUITests;
			productReference = 0133ABD62268055A00854808 /* StoryboardDemoUITests.xctest */;
			productType = "com.apple.product-type.bundle.ui-testing";
		};
/* End PBXNativeTarget section */

/* Begin PBXProject section */
		0133ABAB2268055800854808 /* Project object */ = {
			isa = PBXProject;
			attributes = {
				LastUpgradeCheck = 1020;
				ORGANIZATIONNAME = "mkrq-yh";
				TargetAttributes = {
					0133ABB22268055800854808 = {
						CreatedOnToolsVersion = 10.2;
					};
					0133ABCA2268055A00854808 = {
						CreatedOnToolsVersion = 10.2;
						TestTargetID = 0133ABB22268055800854808;
					};
					0133ABD52268055A00854808 = {
						CreatedOnToolsVersion = 10.2;
						TestTargetID = 0133ABB22268055800854808;
					};
				};
			};
			buildConfigurationList = 0133ABAE2268055800854808 /* Build configuration list for PBXProject "StoryboardDemo" */;
			compatibilityVersion = "Xcode 9.3";
			developmentRegion = en;
			hasScannedForEncodings = 0;
			knownRegions = (
				en,
				Base,
			);
			mainGroup = 0133ABAA2268055800854808;
			productRefGroup = 0133ABB42268055800854808 /* Products */;
			projectDirPath = "";
			projectRoot = "";
			targets = (
				0133ABB22268055800854808 /* StoryboardDemo */,
				0133ABCA2268055A00854808 /* StoryboardDemoTests */,
				0133ABD52268055A00854808 /* StoryboardDemoUITests */,
			);
		};
/* End PBXProject section */

/* Begin PBXResourcesBuildPhase section */
		0133ABB12268055800854808 /* Resources */ = {
			isa = PBXResourcesBuildPhase;
			buildActionMask = 2147483647;
			files = (
				0133ABC32268055A00854808 /* LaunchScreen.storyboard in Resources */,
				0133ABC02268055A00854808 /* Assets.xcassets in Resources */,
				0133ABBE2268055800854808 /* Main.storyboard in Resources */,
			);
			runOnlyForDeploymentPostprocessing = 0;
		};
		0133ABC92268055A00854808 /* Resources */ = {
			isa = PBXResourcesBuildPhase;
			buildActionMask = 2147483647;
			files = (
			);
			runOnlyForDeploymentPostprocessing = 0;
		};
		0133ABD42268055A00854808 /* Resources */ = {
			isa = PBXResourcesBuildPhase;
			buildActionMask = 2147483647;
			files = (
			);
			runOnlyForDeploymentPostprocessing = 0;
		};
/* End PBXResourcesBuildPhase section */

/* Begin PBXShellScriptBuildPhase section */
		887AE89D0C79B5E9DA53C475 /* [CP] Check Pods Manifest.lock */ = {
			isa = PBXShellScriptBuildPhase;
			buildActionMask = 2147483647;
			files = (
			);
			inputPaths = (
				"${PODS_PODFILE_DIR_PATH}/Podfile.lock",
				"${PODS_ROOT}/Manifest.lock",
			);
			name = "[CP] Check Pods Manifest.lock";
			outputPaths = (
				"$(DERIVED_FILE_DIR)/Pods-StoryboardDemo-checkManifestLockResult.txt",
			);
			runOnlyForDeploymentPostprocessing = 0;
			shellPath = /bin/sh;
			shellScript = "diff \"${PODS_PODFILE_DIR_PATH}/Podfile.lock\" \"${PODS_ROOT}/Manifest.lock\" > /dev/null\nif [ $? != 0 ] ; then\n    # print error to STDERR\n    echo \"error: The sandbox is not in sync with the Podfile.lock. Run 'pod install' or update your CocoaPods installation.\" >&2\n    exit 1\nfi\n# This output is used by Xcode 'outputs' to avoid re-running this script phase.\necho \"SUCCESS\" > \"${SCRIPT_OUTPUT_FILE_0}\"\n";
			showEnvVarsInLog = 0;
		};
/* End PBXShellScriptBuildPhase section */

/* Begin PBXSourcesBuildPhase section */
		0133ABAF2268055800854808 /* Sources */ = {
			isa = PBXSourcesBuildPhase;
			buildActionMask = 2147483647;
			files = (
				0133ABF022680C2F00854808 /* TabViewController.m in Sources */,
				0133AC712268497800854808 /* BaseViewController.m in Sources */,
				0133ABC62268055A00854808 /* main.m in Sources */,
				0133AC7422686E3300854808 /* HomeTableViewCell.m in Sources */,
				0133ABF322680C4300854808 /* NavViewController.m in Sources */,
				0133AC6822680F8000854808 /* DemoViewController.m in Sources */,
				0133AC6222680F6B00854808 /* FindViewController.m in Sources */,
				0133AC6D226823B100854808 /* UIView+XGExtension.m in Sources */,
				0133AC5F22680F5F00854808 /* HomeViewController.m in Sources */,
				0133ABB82268055800854808 /* AppDelegate.m in Sources */,
				0133AC6522680F7600854808 /* MyViewController.m in Sources */,
			);
			runOnlyForDeploymentPostprocessing = 0;
		};
		0133ABC72268055A00854808 /* Sources */ = {
			isa = PBXSourcesBuildPhase;
			buildActionMask = 2147483647;
			files = (
				0133ABD02268055A00854808 /* StoryboardDemoTests.m in Sources */,
			);
			runOnlyForDeploymentPostprocessing = 0;
		};
		0133ABD22268055A00854808 /* Sources */ = {
			isa = PBXSourcesBuildPhase;
			buildActionMask = 2147483647;
			files = (
				0133ABDB2268055A00854808 /* StoryboardDemoUITests.m in Sources */,
			);
			runOnlyForDeploymentPostprocessing = 0;
		};
/* End PBXSourcesBuildPhase section */

/* Begin PBXTargetDependency section */
		0133ABCD2268055A00854808 /* PBXTargetDependency */ = {
			isa = PBXTargetDependency;
			target = 0133ABB22268055800854808 /* StoryboardDemo */;
			targetProxy = 0133ABCC2268055A00854808 /* PBXContainerItemProxy */;
		};
		0133ABD82268055A00854808 /* PBXTargetDependency */ = {
			isa = PBXTargetDependency;
			target = 0133ABB22268055800854808 /* StoryboardDemo */;
			targetProxy = 0133ABD72268055A00854808 /* PBXContainerItemProxy */;
		};
/* End PBXTargetDependency section */

/* Begin PBXVariantGroup section */
		0133ABBC2268055800854808 /* Main.storyboard */ = {
			isa = PBXVariantGroup;
			children = (
				0133ABBD2268055800854808 /* Base */,
			);
			name = Main.storyboard;
			sourceTree = "<group>";
		};
		0133ABC12268055A00854808 /* LaunchScreen.storyboard */ = {
			isa = PBXVariantGroup;
			children = (
				0133ABC22268055A00854808 /* Base */,
			);
			name = LaunchScreen.storyboard;
			sourceTree = "<group>";
		};
/* End PBXVariantGroup section */

/* Begin XCBuildConfiguration section */
		0133ABDD2268055A00854808 /* Debug */ = {
			isa = XCBuildConfiguration;
			buildSettings = {
				ALWAYS_SEARCH_USER_PATHS = NO;
				CLANG_ANALYZER_NONNULL = YES;
				CLANG_ANALYZER_NUMBER_OBJECT_CONVERSION = YES_AGGRESSIVE;
				CLANG_CXX_LANGUAGE_STANDARD = "gnu++14";
				CLANG_CXX_LIBRARY = "libc++";
				CLANG_ENABLE_MODULES = YES;
				CLANG_ENABLE_OBJC_ARC = YES;
				CLANG_ENABLE_OBJC_WEAK = YES;
				CLANG_WARN_BLOCK_CAPTURE_AUTORELEASING = YES;
				CLANG_WARN_BOOL_CONVERSION = YES;
				CLANG_WARN_COMMA = YES;
				CLANG_WARN_CONSTANT_CONVERSION = YES;
				CLANG_WARN_DEPRECATED_OBJC_IMPLEMENTATIONS = YES;
				CLANG_WARN_DIRECT_OBJC_ISA_USAGE = YES_ERROR;
				CLANG_WARN_DOCUMENTATION_COMMENTS = YES;
				CLANG_WARN_EMPTY_BODY = YES;
				CLANG_WARN_ENUM_CONVERSION = YES;
				CLANG_WARN_INFINITE_RECURSION = YES;
				CLANG_WARN_INT_CONVERSION = YES;
				CLANG_WARN_NON_LITERAL_NULL_CONVERSION = YES;
				CLANG_WARN_OBJC_IMPLICIT_RETAIN_SELF = YES;
				CLANG_WARN_OBJC_LITERAL_CONVERSION = YES;
				CLANG_WARN_OBJC_ROOT_CLASS = YES_ERROR;
				CLANG_WARN_RANGE_LOOP_ANALYSIS = YES;
				CLANG_WARN_STRICT_PROTOTYPES = YES;
				CLANG_WARN_SUSPICIOUS_MOVE = YES;
				CLANG_WARN_UNGUARDED_AVAILABILITY = YES_AGGRESSIVE;
				CLANG_WARN_UNREACHABLE_CODE = YES;
				CLANG_WARN__DUPLICATE_METHOD_MATCH = YES;
				CODE_SIGN_IDENTITY = "iPhone Developer";
				COPY_PHASE_STRIP = NO;
				DEBUG_INFORMATION_FORMAT = dwarf;
				ENABLE_STRICT_OBJC_MSGSEND = YES;
				ENABLE_TESTABILITY = YES;
				GCC_C_LANGUAGE_STANDARD = gnu11;
				GCC_DYNAMIC_NO_PIC = NO;
				GCC_NO_COMMON_BLOCKS = YES;
				GCC_OPTIMIZATION_LEVEL = 0;
				GCC_PREPROCESSOR_DEFINITIONS = (
					"DEBUG=1",
					"$(inherited)",
				);
				GCC_WARN_64_TO_32_BIT_CONVERSION = YES;
				GCC_WARN_ABOUT_RETURN_TYPE = YES_ERROR;
				GCC_WARN_UNDECLARED_SELECTOR = YES;
				GCC_WARN_UNINITIALIZED_AUTOS = YES_AGGRESSIVE;
				GCC_WARN_UNUSED_FUNCTION = YES;
				GCC_WARN_UNUSED_VARIABLE = YES;
				IPHONEOS_DEPLOYMENT_TARGET = 12.2;
				MTL_ENABLE_DEBUG_INFO = INCLUDE_SOURCE;
				MTL_FAST_MATH = YES;
				ONLY_ACTIVE_ARCH = YES;
				SDKROOT = iphoneos;
			};
			name = Debug;
		};
		0133ABDE2268055A00854808 /* Release */ = {
			isa = XCBuildConfiguration;
			buildSettings = {
				ALWAYS_SEARCH_USER_PATHS = NO;
				CLANG_ANALYZER_NONNULL = YES;
				CLANG_ANALYZER_NUMBER_OBJECT_CONVERSION = YES_AGGRESSIVE;
				CLANG_CXX_LANGUAGE_STANDARD = "gnu++14";
				CLANG_CXX_LIBRARY = "libc++";
				CLANG_ENABLE_MODULES = YES;
				CLANG_ENABLE_OBJC_ARC = YES;
				CLANG_ENABLE_OBJC_WEAK = YES;
				CLANG_WARN_BLOCK_CAPTURE_AUTORELEASING = YES;
				CLANG_WARN_BOOL_CONVERSION = YES;
				CLANG_WARN_COMMA = YES;
				CLANG_WARN_CONSTANT_CONVERSION = YES;
				CLANG_WARN_DEPRECATED_OBJC_IMPLEMENTATIONS = YES;
				CLANG_WARN_DIRECT_OBJC_ISA_USAGE = YES_ERROR;
				CLANG_WARN_DOCUMENTATION_COMMENTS = YES;
				CLANG_WARN_EMPTY_BODY = YES;
				CLANG_WARN_ENUM_CONVERSION = YES;
				CLANG_WARN_INFINITE_RECURSION = YES;
				CLANG_WARN_INT_CONVERSION = YES;
				CLANG_WARN_NON_LITERAL_NULL_CONVERSION = YES;
				CLANG_WARN_OBJC_IMPLICIT_RETAIN_SELF = YES;
				CLANG_WARN_OBJC_LITERAL_CONVERSION = YES;
				CLANG_WARN_OBJC_ROOT_CLASS = YES_ERROR;
				CLANG_WARN_RANGE_LOOP_ANALYSIS = YES;
				CLANG_WARN_STRICT_PROTOTYPES = YES;
				CLANG_WARN_SUSPICIOUS_MOVE = YES;
				CLANG_WARN_UNGUARDED_AVAILABILITY = YES_AGGRESSIVE;
				CLANG_WARN_UNREACHABLE_CODE = YES;
				CLANG_WARN__DUPLICATE_METHOD_MATCH = YES;
				CODE_SIGN_IDENTITY = "iPhone Developer";
				COPY_PHASE_STRIP = NO;
				DEBUG_INFORMATION_FORMAT = "dwarf-with-dsym";
				ENABLE_NS_ASSERTIONS = NO;
				ENABLE_STRICT_OBJC_MSGSEND = YES;
				GCC_C_LANGUAGE_STANDARD = gnu11;
				GCC_NO_COMMON_BLOCKS = YES;
				GCC_WARN_64_TO_32_BIT_CONVERSION = YES;
				GCC_WARN_ABOUT_RETURN_TYPE = YES_ERROR;
				GCC_WARN_UNDECLARED_SELECTOR = YES;
				GCC_WARN_UNINITIALIZED_AUTOS = YES_AGGRESSIVE;
				GCC_WARN_UNUSED_FUNCTION = YES;
				GCC_WARN_UNUSED_VARIABLE = YES;
				IPHONEOS_DEPLOYMENT_TARGET = 12.2;
				MTL_ENABLE_DEBUG_INFO = NO;
				MTL_FAST_MATH = YES;
				SDKROOT = iphoneos;
				VALIDATE_PRODUCT = YES;
			};
			name = Release;
		};
		0133ABE02268055A00854808 /* Debug */ = {
			isa = XCBuildConfiguration;
			baseConfigurationReference = 8D17F37ADA834AB680516AD3 /* Pods-StoryboardDemo.debug.xcconfig */;
			buildSettings = {
				ASSETCATALOG_COMPILER_APPICON_NAME = AppIcon;
				CODE_SIGN_STYLE = Automatic;
				DEVELOPMENT_TEAM = DC8FT77226;
				GCC_PRECOMPILE_PREFIX_HEADER = YES;
				GCC_PREFIX_HEADER = "/Users/mkrq-yh/Desktop/iOS-Demo/StoryboardDemo/StoryboardDemo/PrefixHeader.pch";
				INFOPLIST_FILE = StoryboardDemo/Info.plist;
				LD_RUNPATH_SEARCH_PATHS = (
					"$(inherited)",
					"@executable_path/Frameworks",
				);
				PRODUCT_BUNDLE_IDENTIFIER = mkrq.StoryboardDemo;
				PRODUCT_NAME = "$(TARGET_NAME)";
				TARGETED_DEVICE_FAMILY = "1,2";
			};
			name = Debug;
		};
		0133ABE12268055A00854808 /* Release */ = {
			isa = XCBuildConfiguration;
			baseConfigurationReference = 2C16D3F48E918A796618CFF0 /* Pods-StoryboardDemo.release.xcconfig */;
			buildSettings = {
				ASSETCATALOG_COMPILER_APPICON_NAME = AppIcon;
				CODE_SIGN_STYLE = Automatic;
				DEVELOPMENT_TEAM = DC8FT77226;
				GCC_PRECOMPILE_PREFIX_HEADER = YES;
				GCC_PREFIX_HEADER = "/Users/mkrq-yh/Desktop/iOS-Demo/StoryboardDemo/StoryboardDemo/PrefixHeader.pch";
				INFOPLIST_FILE = StoryboardDemo/Info.plist;
				LD_RUNPATH_SEARCH_PATHS = (
					"$(inherited)",
					"@executable_path/Frameworks",
				);
				PRODUCT_BUNDLE_IDENTIFIER = mkrq.StoryboardDemo;
				PRODUCT_NAME = "$(TARGET_NAME)";
				TARGETED_DEVICE_FAMILY = "1,2";
			};
			name = Release;
		};
		0133ABE32268055A00854808 /* Debug */ = {
			isa = XCBuildConfiguration;
			buildSettings = {
				BUNDLE_LOADER = "$(TEST_HOST)";
				CODE_SIGN_STYLE = Automatic;
				DEVELOPMENT_TEAM = DC8FT77226;
				INFOPLIST_FILE = StoryboardDemoTests/Info.plist;
				LD_RUNPATH_SEARCH_PATHS = (
					"$(inherited)",
					"@executable_path/Frameworks",
					"@loader_path/Frameworks",
				);
				PRODUCT_BUNDLE_IDENTIFIER = mkrq.StoryboardDemoTests;
				PRODUCT_NAME = "$(TARGET_NAME)";
				TARGETED_DEVICE_FAMILY = "1,2";
				TEST_HOST = "$(BUILT_PRODUCTS_DIR)/StoryboardDemo.app/StoryboardDemo";
			};
			name = Debug;
		};
		0133ABE42268055A00854808 /* Release */ = {
			isa = XCBuildConfiguration;
			buildSettings = {
				BUNDLE_LOADER = "$(TEST_HOST)";
				CODE_SIGN_STYLE = Automatic;
				DEVELOPMENT_TEAM = DC8FT77226;
				INFOPLIST_FILE = StoryboardDemoTests/Info.plist;
				LD_RUNPATH_SEARCH_PATHS = (
					"$(inherited)",
					"@executable_path/Frameworks",
					"@loader_path/Frameworks",
				);
				PRODUCT_BUNDLE_IDENTIFIER = mkrq.StoryboardDemoTests;
				PRODUCT_NAME = "$(TARGET_NAME)";
				TARGETED_DEVICE_FAMILY = "1,2";
				TEST_HOST = "$(BUILT_PRODUCTS_DIR)/StoryboardDemo.app/StoryboardDemo";
			};
			name = Release;
		};
		0133ABE62268055A00854808 /* Debug */ = {
			isa = XCBuildConfiguration;
			buildSettings = {
				CODE_SIGN_STYLE = Automatic;
				DEVELOPMENT_TEAM = DC8FT77226;
				INFOPLIST_FILE = StoryboardDemoUITests/Info.plist;
				LD_RUNPATH_SEARCH_PATHS = (
					"$(inherited)",
					"@executable_path/Frameworks",
					"@loader_path/Frameworks",
				);
				PRODUCT_BUNDLE_IDENTIFIER = mkrq.StoryboardDemoUITests;
				PRODUCT_NAME = "$(TARGET_NAME)";
				TARGETED_DEVICE_FAMILY = "1,2";
				TEST_TARGET_NAME = StoryboardDemo;
			};
			name = Debug;
		};
		0133ABE72268055A00854808 /* Release */ = {
			isa = XCBuildConfiguration;
			buildSettings = {
				CODE_SIGN_STYLE = Automatic;
				DEVELOPMENT_TEAM = DC8FT77226;
				INFOPLIST_FILE = StoryboardDemoUITests/Info.plist;
				LD_RUNPATH_SEARCH_PATHS = (
					"$(inherited)",
					"@executable_path/Frameworks",
					"@loader_path/Frameworks",
				);
				PRODUCT_BUNDLE_IDENTIFIER = mkrq.StoryboardDemoUITests;
				PRODUCT_NAME = "$(TARGET_NAME)";
				TARGETED_DEVICE_FAMILY = "1,2";
				TEST_TARGET_NAME = StoryboardDemo;
			};
			name = Release;
		};
/* End XCBuildConfiguration section */

/* Begin XCConfigurationList section */
		0133ABAE2268055800854808 /* Build configuration list for PBXProject "StoryboardDemo" */ = {
			isa = XCConfigurationList;
			buildConfigurations = (
				0133ABDD2268055A00854808 /* Debug */,
				0133ABDE2268055A00854808 /* Release */,
			);
			defaultConfigurationIsVisible = 0;
			defaultConfigurationName = Release;
		};
		0133ABDF2268055A00854808 /* Build configuration list for PBXNativeTarget "StoryboardDemo" */ = {
			isa = XCConfigurationList;
			buildConfigurations = (
				0133ABE02268055A00854808 /* Debug */,
				0133ABE12268055A00854808 /* Release */,
			);
			defaultConfigurationIsVisible = 0;
			defaultConfigurationName = Release;
		};
		0133ABE22268055A00854808 /* Build configuration list for PBXNativeTarget "StoryboardDemoTests" */ = {
			isa = XCConfigurationList;
			buildConfigurations = (
				0133ABE32268055A00854808 /* Debug */,
				0133ABE42268055A00854808 /* Release */,
			);
			defaultConfigurationIsVisible = 0;
			defaultConfigurationName = Release;
		};
		0133ABE52268055A00854808 /* Build configuration list for PBXNativeTarget "StoryboardDemoUITests" */ = {
			isa = XCConfigurationList;
			buildConfigurations = (
				0133ABE62268055A00854808 /* Debug */,
				0133ABE72268055A00854808 /* Release */,
			);
			defaultConfigurationIsVisible = 0;
			defaultConfigurationName = Release;
		};
/* End XCConfigurationList section */
	};
	rootObject = 0133ABAB2268055800854808 /* Project object */;
}
